{
    "_meta": {
        "hash": {
            "sha256": "b2ed25d7383d8ce4928dea5df54384b62aef0d47e4e6886fbe988063b78e6c98"
        },
        "pipfile-spec": 6,
        "requires": {
            "python_version": "3.7"
        },
        "sources": [
            {
                "name": "pypi",
                "url": "https://pypi.org/simple",
                "verify_ssl": true
            }
        ]
    },
    "default": {
        "certifi": {
            "hashes": [
                "sha256:1a4995114262bffbc2413b159f2a1a480c969de6e6eb13ee966d470af86af59c",
                "sha256:719a74fb9e33b9bd44cc7f3a8d94bc35e4049deebe19ba7d8e108280cfd59830"
            ],
            "version": "==2020.12.5"
        },
        "chardet": {
            "hashes": [
                "sha256:0d6f53a15db4120f2b08c94f11e7d93d2c911ee118b6b30a04ec3ee8310179fa",
                "sha256:f864054d66fd9118f2e67044ac8981a54775ec5b67aed0441892edb553d21da5"
            ],
            "version": "==4.0.0"
        },
        "click": {
            "hashes": [
                "sha256:d2b5255c7c6349bc1bd1e59e08cd12acbbd63ce649f2588755783aa94dfb6b1a",
                "sha256:dacca89f4bfadd5de3d7489b7c8a566eee0d3676333fbb50030263894c38c0dc"
            ],
            "index": "pypi",
            "version": "==7.1.2"
        },
        "cloudpickle": {
            "hashes": [
                "sha256:3a32d0eb0bc6f4d0c57fbc4f3e3780f7a81e6fee0fa935072884d58ae8e1cc7c",
                "sha256:9bc994f9e9447593bd0a45371f0e7ac7333710fcf64a4eb9834bf149f4ef2f32"
            ],
            "version": "==1.6.0"
        },
        "cycler": {
            "hashes": [
                "sha256:1d8a5ae1ff6c5cf9b93e8811e581232ad8920aeec647c37316ceac982b08cb2d",
                "sha256:cd7b2d1018258d7247a71425e9f26463dfb444d411c39569972f4ce586b0c9d8"
            ],
            "version": "==0.10.0"
        },
        "idna": {
            "hashes": [
                "sha256:b307872f855b18632ce0c21c5e45be78c0ea7ae4c15c828c20788b26921eb3f6",
                "sha256:b97d804b1e9b523befed77c48dacec60e6dcb0b5391d57af6a65a312a90648c0"
            ],
            "version": "==2.10"
        },
        "joblib": {
            "hashes": [
                "sha256:9c17567692206d2f3fb9ecf5e991084254fe631665c450b443761c4186a613f7",
                "sha256:feeb1ec69c4d45129954f1b7034954241eedfd6ba39b5e9e4b6883be3332d5e5"
            ],
            "version": "==1.0.1"
        },
        "kiwisolver": {
            "hashes": [
                "sha256:0cd53f403202159b44528498de18f9285b04482bab2a6fc3f5dd8dbb9352e30d",
                "sha256:1e1bc12fb773a7b2ffdeb8380609f4f8064777877b2225dec3da711b421fda31",
                "sha256:225e2e18f271e0ed8157d7f4518ffbf99b9450fca398d561eb5c4a87d0986dd9",
                "sha256:232c9e11fd7ac3a470d65cd67e4359eee155ec57e822e5220322d7b2ac84fbf0",
                "sha256:31dfd2ac56edc0ff9ac295193eeaea1c0c923c0355bf948fbd99ed6018010b72",
                "sha256:33449715e0101e4d34f64990352bce4095c8bf13bed1b390773fc0a7295967b3",
                "sha256:401a2e9afa8588589775fe34fc22d918ae839aaaf0c0e96441c0fdbce6d8ebe6",
                "sha256:44a62e24d9b01ba94ae7a4a6c3fb215dc4af1dde817e7498d901e229aaf50e4e",
                "sha256:50af681a36b2a1dee1d3c169ade9fdc59207d3c31e522519181e12f1b3ba7000",
                "sha256:563c649cfdef27d081c84e72a03b48ea9408c16657500c312575ae9d9f7bc1c3",
                "sha256:5989db3b3b34b76c09253deeaf7fbc2707616f130e166996606c284395da3f18",
                "sha256:5a7a7dbff17e66fac9142ae2ecafb719393aaee6a3768c9de2fd425c63b53e21",
                "sha256:5c3e6455341008a054cccee8c5d24481bcfe1acdbc9add30aa95798e95c65621",
                "sha256:5f6ccd3dd0b9739edcf407514016108e2280769c73a85b9e59aa390046dbf08b",
                "sha256:72c99e39d005b793fb7d3d4e660aed6b6281b502e8c1eaf8ee8346023c8e03bc",
                "sha256:78751b33595f7f9511952e7e60ce858c6d64db2e062afb325985ddbd34b5c131",
                "sha256:834ee27348c4aefc20b479335fd422a2c69db55f7d9ab61721ac8cd83eb78882",
                "sha256:8be8d84b7d4f2ba4ffff3665bcd0211318aa632395a1a41553250484a871d454",
                "sha256:950a199911a8d94683a6b10321f9345d5a3a8433ec58b217ace979e18f16e248",
                "sha256:a357fd4f15ee49b4a98b44ec23a34a95f1e00292a139d6015c11f55774ef10de",
                "sha256:a53d27d0c2a0ebd07e395e56a1fbdf75ffedc4a05943daf472af163413ce9598",
                "sha256:acef3d59d47dd85ecf909c359d0fd2c81ed33bdff70216d3956b463e12c38a54",
                "sha256:b38694dcdac990a743aa654037ff1188c7a9801ac3ccc548d3341014bc5ca278",
                "sha256:b9edd0110a77fc321ab090aaa1cfcaba1d8499850a12848b81be2222eab648f6",
                "sha256:c08e95114951dc2090c4a630c2385bef681cacf12636fb0241accdc6b303fd81",
                "sha256:c5518d51a0735b1e6cee1fdce66359f8d2b59c3ca85dc2b0813a8aa86818a030",
                "sha256:c8fd0f1ae9d92b42854b2979024d7597685ce4ada367172ed7c09edf2cef9cb8",
                "sha256:ca3820eb7f7faf7f0aa88de0e54681bddcb46e485beb844fcecbcd1c8bd01689",
                "sha256:cf8b574c7b9aa060c62116d4181f3a1a4e821b2ec5cbfe3775809474113748d4",
                "sha256:d3155d828dec1d43283bd24d3d3e0d9c7c350cdfcc0bd06c0ad1209c1bbc36d0",
                "sha256:f8d6f8db88049a699817fd9178782867bf22283e3813064302ac59f61d95be05",
                "sha256:fd34fbbfbc40628200730bc1febe30631347103fc8d3d4fa012c21ab9c11eca9"
            ],
            "version": "==1.3.1"
        },
        "lightgbm": {
            "hashes": [
                "sha256:515cd3bc2b7b61663ff61401a2c31eedb43e3dbd49b8479a25acfa4dbbbfd985",
                "sha256:9e32c1c7b00cf41b702f0a3225795cc709d72437b38f76ab41ab56ee5baea480",
                "sha256:babece2e3613e97748a67ed45387bb0e984bdb1f4126e39f010fbfe7503c7b20",
                "sha256:dbc4d3105bd176d395c6ff5f5f65351ce9bc2ad60585c60f4829ad9f6e814807"
            ],
            "index": "pypi",
            "version": "==3.1.1"
        },
        "llvmlite": {
            "hashes": [
                "sha256:048a7c117641c9be87b90005684e64a6f33ea0897ebab1df8a01214a10d6e79a",
                "sha256:05f807209a360d39526d98141b6f281b9c7c771c77a4d1fc22002440642c8de2",
                "sha256:1ce5bc0a638d874a08d4222be0a7e48e5df305d094c2ff8dec525ef32b581551",
                "sha256:1dee416ea49fd338c74ec15c0c013e5273b0961528169af06ff90772614f7f6c",
                "sha256:3b17fc4b0dd17bd29d7297d054e2915fad535889907c3f65232ee21f483447c5",
                "sha256:50b1828bde514b31431b2bba1aa20b387f5625b81ad6e12fede430a04645e47a",
                "sha256:5a6548b4899facb182145147185e9166c69826fb424895f227e6b7cf924a8da1",
                "sha256:6a3abc8a8889aeb06bf9c4a7e5df5bc7bb1aa0aedd91a599813809abeec80b5a",
                "sha256:705f0323d931684428bb3451549603299bb5e17dd60fb979d67c3807de0debc1",
                "sha256:765128fdf5f149ed0b889ffbe2b05eb1717f8e20a5c87fa2b4018fbcce0fcfc9",
                "sha256:7768658646c418b9b3beccb7044277a608bc8c62b82a85e73c7e5c065e4157c2",
                "sha256:7c4e7066447305d5095d0b0a9cae7b835d2f0fde143456b3124110eab0856426",
                "sha256:7db4b0eef93125af1c4092c64a3c73c7dc904101117ef53f8d78a1a499b8d5f4",
                "sha256:9dad7e4bb042492914292aea3f4172eca84db731f9478250240955aedba95e08",
                "sha256:b3a77e46e6053e2a86e607e87b97651dda81e619febb914824a927bff4e88737",
                "sha256:cc0f9b9644b4ab0e4a5edb17f1531d791630c88858220d3cc688d6edf10da100",
                "sha256:d1fdd63c371626c25ad834e1c6297eb76cf2f093a40dbb401a87b6476ab4e34e",
                "sha256:dbedff0f6d417b374253a6bab39aa4b5364f1caab30c06ba8726904776fcf1cb",
                "sha256:f608bae781b2d343e15e080c546468c5a6f35f57f0446923ea198dd21f23757e",
                "sha256:f7918dbac02b1ebbfd7302ad8e8307d7877ab57d782d5f04b70ff9696b53c21b",
                "sha256:ff52fb9c2be66b95b0e67d56fce11038397e5be1ea410ee53f5f1175fdbb107a"
            ],
            "version": "==0.36.0"
        },
        "matplotlib": {
            "hashes": [
                "sha256:1de0bb6cbfe460725f0e97b88daa8643bcf9571c18ba90bb8e41432aaeca91d6",
                "sha256:1e850163579a8936eede29fad41e202b25923a0a8d5ffd08ce50fc0a97dcdc93",
                "sha256:215e2a30a2090221a9481db58b770ce56b8ef46f13224ae33afe221b14b24dc1",
                "sha256:348e6032f666ffd151b323342f9278b16b95d4a75dfacae84a11d2829a7816ae",
                "sha256:3d2eb9c1cc254d0ffa90bc96fde4b6005d09c2228f99dfd493a4219c1af99644",
                "sha256:3e477db76c22929e4c6876c44f88d790aacdf3c3f8f3a90cb1975c0bf37825b0",
                "sha256:451cc89cb33d6652c509fc6b588dc51c41d7246afdcc29b8624e256b7663ed1f",
                "sha256:46b1a60a04e6d884f0250d5cc8dc7bd21a9a96c584a7acdaab44698a44710bab",
                "sha256:5f571b92a536206f7958f7cb2d367ff6c9a1fa8229dc35020006e4cdd1ca0acd",
                "sha256:672960dd114e342b7c610bf32fb99d14227f29919894388b41553217457ba7ef",
                "sha256:7310e353a4a35477c7f032409966920197d7df3e757c7624fd842f3eeb307d3d",
                "sha256:746a1df55749629e26af7f977ea426817ca9370ad1569436608dc48d1069b87c",
                "sha256:7c155437ae4fd366e2700e2716564d1787700687443de46bcb895fe0f84b761d",
                "sha256:9265ae0fb35e29f9b8cc86c2ab0a2e3dcddc4dd9de4b85bf26c0f63fe5c1c2ca",
                "sha256:94bdd1d55c20e764d8aea9d471d2ae7a7b2c84445e0fa463f02e20f9730783e1",
                "sha256:9a79e5dd7bb797aa611048f5b70588b23c5be05b63eefd8a0d152ac77c4243db",
                "sha256:a17f0a10604fac7627ec82820439e7db611722e80c408a726cd00d8c974c2fb3",
                "sha256:a1acb72f095f1d58ecc2538ed1b8bca0b57df313b13db36ed34b8cdf1868e674",
                "sha256:aa49571d8030ad0b9ac39708ee77bd2a22f87815e12bdee52ecaffece9313ed8",
                "sha256:c24c05f645aef776e8b8931cb81e0f1632d229b42b6d216e30836e2e145a2b40",
                "sha256:cf3a7e54eff792f0815dbbe9b85df2f13d739289c93d346925554f71d484be78",
                "sha256:d738acfdfb65da34c91acbdb56abed46803db39af259b7f194dc96920360dbe4",
                "sha256:e15fa23d844d54e7b3b7243afd53b7567ee71c721f592deb0727ee85e668f96a",
                "sha256:ed4a9e6dcacba56b17a0a9ac22ae2c72a35b7f0ef0693aa68574f0b2df607a89",
                "sha256:f44149a0ef5b4991aaef12a93b8e8d66d6412e762745fea1faa61d98524e0ba9"
            ],
            "version": "==3.3.4"
        },
        "numba": {
            "hashes": [
                "sha256:0b9fd3b58cf2dcffff9e53c0350ee22b358949e374761e96227a96841e7a34ea",
                "sha256:18ba35ac8252a13376d94dc66176e18864e666d83af671025dfb87f482baed56",
                "sha256:30b200b555afe987bb27fa3c9ea0f13af46b69205e379ae63307e76742c87aa8",
                "sha256:3aa0f037ea11b54e70aa757862883f4683f89eb54d5dc931c6abf5effc2987a1",
                "sha256:4b2c3e3e076179da82b0b36d34264f19cc122a6e8f9dd9bb9a1e7f22f9c2b35e",
                "sha256:55c11d7edbba2ba715f2b56f5294cad55cfd87bff98e2627c3047c2d5cc52d16",
                "sha256:5d90b36299d1b18c111b109821aaeb7895c3553830da81e6a65208b80fcebcaa",
                "sha256:68d9297d8f193d3168bc644b10c4581aacc65cdb8d952112dbd0eda97153a6e9",
                "sha256:6ebc15da40da4401b826d335e659dc0176f973f3f45797c9c19c8471d87a7f0c",
                "sha256:7a30c8932a4efd0151c527e7e31fde45b8de0c87bc99190f0b5738dd1829bef3",
                "sha256:83f7667e458a673661384f1434eb2930b3967985c5189dbfe2b04ff186f43b38",
                "sha256:9a377056b5ecba320272e2f9ad0c51fd8f04bbc84a20f0d1c206477e74de6040",
                "sha256:9c7bbc68bfb40c04a8550cc16a2eb28c8401ff980b201297d9869bcf2974ccbd",
                "sha256:aadc083ccdbdee4375379fb3f70e7d3826007bee110f5da7a4cce3f53208d110",
                "sha256:b7ae74a8edf6c43fe6194b3d4b227cb5761057c16c9f458402873f842b4fa322",
                "sha256:be5296deeec0cdca3a185a7f45bff3cd91ab7b3e3af7113c8d6bbe478e709c9c",
                "sha256:c8e12d71db168bc82acde1323efc808b399c04185461a2947e27330ab18683f6",
                "sha256:e48464eff161b1374a2e6d5c595ee66eaf2295e2135d376d1b57e882db3d1a3b",
                "sha256:ea484a26c11c2e50ce61af13b1c628eb3266c1121d38e3692313a2b7985570e8",
                "sha256:ed7b0652007a33e2b3052e16744805f0d43ad41abf3c716b588c4be7547c5c3d",
                "sha256:f9bd6f6512eae91fd5e7fbbb8a970b00620fa00d3c525736f2bfc9c7e4eb1622"
            ],
            "version": "==0.53.0"
        },
        "numpy": {
            "hashes": [
                "sha256:032be656d89bbf786d743fee11d01ef318b0781281241997558fa7950028dd29",
                "sha256:104f5e90b143dbf298361a99ac1af4cf59131218a045ebf4ee5990b83cff5fab",
                "sha256:125a0e10ddd99a874fd357bfa1b636cd58deb78ba4a30b5ddb09f645c3512e04",
                "sha256:12e4ba5c6420917571f1a5becc9338abbde71dd811ce40b37ba62dec7b39af6d",
                "sha256:13adf545732bb23a796914fe5f891a12bd74cf3d2986eed7b7eba2941eea1590",
                "sha256:2d7e27442599104ee08f4faed56bb87c55f8b10a5494ac2ead5c98a4b289e61f",
                "sha256:3bc63486a870294683980d76ec1e3efc786295ae00128f9ea38e2c6e74d5a60a",
                "sha256:3d3087e24e354c18fb35c454026af3ed8997cfd4997765266897c68d724e4845",
                "sha256:4ed8e96dc146e12c1c5cdd6fb9fd0757f2ba66048bf94c5126b7efebd12d0090",
                "sha256:60759ab15c94dd0e1ed88241fd4fa3312db4e91d2c8f5a2d4cf3863fad83d65b",
                "sha256:65410c7f4398a0047eea5cca9b74009ea61178efd78d1be9847fac1d6716ec1e",
                "sha256:66b467adfcf628f66ea4ac6430ded0614f5cc06ba530d09571ea404789064adc",
                "sha256:7199109fa46277be503393be9250b983f325880766f847885607d9b13848f257",
                "sha256:72251e43ac426ff98ea802a931922c79b8d7596480300eb9f1b1e45e0543571e",
                "sha256:89e5336f2bec0c726ac7e7cdae181b325a9c0ee24e604704ed830d241c5e47ff",
                "sha256:89f937b13b8dd17b0099c7c2e22066883c86ca1575a975f754babc8fbf8d69a9",
                "sha256:9c94cab5054bad82a70b2e77741271790304651d584e2cdfe2041488e753863b",
                "sha256:9eb551d122fadca7774b97db8a112b77231dcccda8e91a5bc99e79890797175e",
                "sha256:a1d7995d1023335e67fb070b2fae6f5968f5be3802b15ad6d79d81ecaa014fe0",
                "sha256:ae61f02b84a0211abb56462a3b6cd1e7ec39d466d3160eb4e1da8bf6717cdbeb",
                "sha256:b9410c0b6fed4a22554f072a86c361e417f0258838957b78bd063bde2c7f841f",
                "sha256:c26287dfc888cf1e65181f39ea75e11f42ffc4f4529e5bd19add57ad458996e2",
                "sha256:c91ec9569facd4757ade0888371eced2ecf49e7982ce5634cc2cf4e7331a4b14",
                "sha256:ecb5b74c702358cdc21268ff4c37f7466357871f53a30e6f84c686952bef16a9"
            ],
            "version": "==1.20.1"
        },
        "pandas": {
            "hashes": [
                "sha256:09761bf5f8c741d47d4b8b9073288de1be39bbfccc281d70b889ade12b2aad29",
                "sha256:0f27fd1adfa256388dc34895ca5437eaf254832223812afd817a6f73127f969c",
                "sha256:43e00770552595c2250d8d712ec8b6e08ca73089ac823122344f023efa4abea3",
                "sha256:46fc671c542a8392a4f4c13edc8527e3a10f6cb62912d856f82248feb747f06e",
                "sha256:475b7772b6e18a93a43ea83517932deff33954a10d4fbae18d0c1aba4182310f",
                "sha256:4d821b9b911fc1b7d428978d04ace33f0af32bb7549525c8a7b08444bce46b74",
                "sha256:5e3c8c60541396110586bcbe6eccdc335a38e7de8c217060edaf4722260b158f",
                "sha256:621c044a1b5e535cf7dcb3ab39fca6f867095c3ef223a524f18f60c7fee028ea",
                "sha256:72ffcea00ae8ffcdbdefff800284311e155fbb5ed6758f1a6110fc1f8f8f0c1c",
                "sha256:8a051e957c5206f722e83f295f95a2cf053e890f9a1fba0065780a8c2d045f5d",
                "sha256:97b1954533b2a74c7e20d1342c4f01311d3203b48f2ebf651891e6a6eaf01104",
                "sha256:9f5829e64507ad10e2561b60baf285c470f3c4454b007c860e77849b88865ae7",
                "sha256:a93e34f10f67d81de706ce00bf8bb3798403cabce4ccb2de10c61b5ae8786ab5",
                "sha256:d59842a5aa89ca03c2099312163ffdd06f56486050e641a45d926a072f04d994",
                "sha256:dbb255975eb94143f2e6ec7dadda671d25147939047839cd6b8a4aff0379bb9b",
                "sha256:df6f10b85aef7a5bb25259ad651ad1cc1d6bb09000595cab47e718cbac250b1d"
            ],
            "index": "pypi",
            "version": "==1.2.3"
        },
        "pillow": {
            "hashes": [
                "sha256:15306d71a1e96d7e271fd2a0737038b5a92ca2978d2e38b6ced7966583e3d5af",
                "sha256:1940fc4d361f9cc7e558d6f56ff38d7351b53052fd7911f4b60cd7bc091ea3b1",
                "sha256:1f93f2fe211f1ef75e6f589327f4d4f8545d5c8e826231b042b483d8383e8a7c",
                "sha256:30d33a1a6400132e6f521640dd3f64578ac9bfb79a619416d7e8802b4ce1dd55",
                "sha256:328240f7dddf77783e72d5ed79899a6b48bc6681f8d1f6001f55933cb4905060",
                "sha256:46c2bcf8e1e75d154e78417b3e3c64e96def738c2a25435e74909e127a8cba5e",
                "sha256:5762ebb4436f46b566fc6351d67a9b5386b5e5de4e58fdaa18a1c83e0e20f1a8",
                "sha256:5a2d957eb4aba9d48170b8fe6538ec1fbc2119ffe6373782c03d8acad3323f2e",
                "sha256:5cf03b9534aca63b192856aa601c68d0764810857786ea5da652581f3a44c2b0",
                "sha256:5daba2b40782c1c5157a788ec4454067c6616f5a0c1b70e26ac326a880c2d328",
                "sha256:63cd413ac52ee3f67057223d363f4f82ce966e64906aea046daf46695e3c8238",
                "sha256:6efac40344d8f668b6c4533ae02a48d52fd852ef0654cc6f19f6ac146399c733",
                "sha256:71b01ee69e7df527439d7752a2ce8fb89e19a32df484a308eca3e81f673d3a03",
                "sha256:71f31ee4df3d5e0b366dd362007740106d3210fb6a56ec4b581a5324ba254f06",
                "sha256:72027ebf682abc9bafd93b43edc44279f641e8996fb2945104471419113cfc71",
                "sha256:74cd9aa648ed6dd25e572453eb09b08817a1e3d9f8d1bd4d8403d99e42ea790b",
                "sha256:81b3716cc9744ffdf76b39afb6247eae754186838cedad0b0ac63b2571253fe6",
                "sha256:8565355a29655b28fdc2c666fd9a3890fe5edc6639d128814fafecfae2d70910",
                "sha256:87f42c976f91ca2fc21a3293e25bd3cd895918597db1b95b93cbd949f7d019ce",
                "sha256:89e4c757a91b8c55d97c91fa09c69b3677c227b942fa749e9a66eef602f59c28",
                "sha256:8c4e32218c764bc27fe49b7328195579581aa419920edcc321c4cb877c65258d",
                "sha256:903293320efe2466c1ab3509a33d6b866dc850cfd0c5d9cc92632014cec185fb",
                "sha256:90882c6f084ef68b71bba190209a734bf90abb82ab5e8f64444c71d5974008c6",
                "sha256:98afcac3205d31ab6a10c5006b0cf040d0026a68ec051edd3517b776c1d78b09",
                "sha256:a01da2c266d9868c4f91a9c6faf47a251f23b9a862dce81d2ff583135206f5be",
                "sha256:aeab4cd016e11e7aa5cfc49dcff8e51561fa64818a0be86efa82c7038e9369d0",
                "sha256:b07c660e014852d98a00a91adfbe25033898a9d90a8f39beb2437d22a203fc44",
                "sha256:bead24c0ae3f1f6afcb915a057943ccf65fc755d11a1410a909c1fefb6c06ad1",
                "sha256:d1d6bca39bb6dd94fba23cdb3eeaea5e30c7717c5343004d900e2a63b132c341",
                "sha256:e2cd8ac157c1e5ae88b6dd790648ee5d2777e76f1e5c7d184eaddb2938594f34",
                "sha256:e5739ae63636a52b706a0facec77b2b58e485637e1638202556156e424a02dc2",
                "sha256:f36c3ff63d6fc509ce599a2f5b0d0732189eed653420e7294c039d342c6e204a",
                "sha256:f91b50ad88048d795c0ad004abbe1390aa1882073b1dca10bfd55d0b8cf18ec5"
            ],
            "version": "==8.1.2"
        },
        "probatus": {
            "hashes": [
                "sha256:b8e6a4180df64b79cd06e47632dd4f3ba283cc431d3b2f82e8cf2729a99e5cff",
                "sha256:ea710c8d0d6cca12f0fad0fd911b49da5e0036c24aa437174125993c6f6b99fa"
            ],
            "index": "pypi",
            "version": "==1.7.0"
        },
        "pyaml": {
            "hashes": [
                "sha256:29a5c2a68660a799103d6949167bd6c7953d031449d08802386372de1db6ad71",
                "sha256:67081749a82b72c45e5f7f812ee3a14a03b3f5c25ff36ec3b290514f8c4c4b99"
            ],
            "version": "==20.4.0"
        },
        "pyparsing": {
            "hashes": [
                "sha256:c203ec8783bf771a155b207279b9bccb8dea02d8f0c9e5f8ead507bc3246ecc1",
                "sha256:ef9d7589ef3c200abe66653d3f1ab1033c3c419ae9b9bdb1240a85b024efc88b"
            ],
            "version": "==2.4.7"
        },
        "python-dateutil": {
            "hashes": [
                "sha256:73ebfe9dbf22e832286dafa60473e4cd239f8592f699aa5adaf10050e6e1823c",
                "sha256:75bb3f31ea686f1197762692a9ee6a7550b59fc6ca3a1f4b5d7e32fb98e2da2a"
            ],
            "version": "==2.8.1"
        },
        "pytz": {
            "hashes": [
                "sha256:83a4a90894bf38e243cf052c8b58f381bfe9a7a483f6a9cab140bc7f702ac4da",
                "sha256:eb10ce3e7736052ed3623d49975ce333bcd712c7bb19a58b9e2089d4057d0798"
            ],
            "version": "==2021.1"
        },
        "pyyaml": {
            "hashes": [
                "sha256:08682f6b72c722394747bddaf0aa62277e02557c0fd1c42cb853016a38f8dedf",
                "sha256:0f5f5786c0e09baddcd8b4b45f20a7b5d61a7e7e99846e3c799b05c7c53fa696",
                "sha256:129def1b7c1bf22faffd67b8f3724645203b79d8f4cc81f674654d9902cb4393",
                "sha256:294db365efa064d00b8d1ef65d8ea2c3426ac366c0c4368d930bf1c5fb497f77",
                "sha256:3b2b1824fe7112845700f815ff6a489360226a5609b96ec2190a45e62a9fc922",
                "sha256:3bd0e463264cf257d1ffd2e40223b197271046d09dadf73a0fe82b9c1fc385a5",
                "sha256:4465124ef1b18d9ace298060f4eccc64b0850899ac4ac53294547536533800c8",
                "sha256:49d4cdd9065b9b6e206d0595fee27a96b5dd22618e7520c33204a4a3239d5b10",
                "sha256:4e0583d24c881e14342eaf4ec5fbc97f934b999a6828693a99157fde912540cc",
                "sha256:5accb17103e43963b80e6f837831f38d314a0495500067cb25afab2e8d7a4018",
                "sha256:607774cbba28732bfa802b54baa7484215f530991055bb562efbed5b2f20a45e",
                "sha256:6c78645d400265a062508ae399b60b8c167bf003db364ecb26dcab2bda048253",
                "sha256:72a01f726a9c7851ca9bfad6fd09ca4e090a023c00945ea05ba1638c09dc3347",
                "sha256:74c1485f7707cf707a7aef42ef6322b8f97921bd89be2ab6317fd782c2d53183",
                "sha256:895f61ef02e8fed38159bb70f7e100e00f471eae2bc838cd0f4ebb21e28f8541",
                "sha256:8c1be557ee92a20f184922c7b6424e8ab6691788e6d86137c5d93c1a6ec1b8fb",
                "sha256:bb4191dfc9306777bc594117aee052446b3fa88737cd13b7188d0e7aa8162185",
                "sha256:bfb51918d4ff3d77c1c856a9699f8492c612cde32fd3bcd344af9be34999bfdc",
                "sha256:c20cfa2d49991c8b4147af39859b167664f2ad4561704ee74c1de03318e898db",
                "sha256:cb333c16912324fd5f769fff6bc5de372e9e7a202247b48870bc251ed40239aa",
                "sha256:d2d9808ea7b4af864f35ea216be506ecec180628aced0704e34aca0b040ffe46",
                "sha256:d483ad4e639292c90170eb6f7783ad19490e7a8defb3e46f97dfe4bacae89122",
                "sha256:dd5de0646207f053eb0d6c74ae45ba98c3395a571a2891858e87df7c9b9bd51b",
                "sha256:e1d4970ea66be07ae37a3c2e48b5ec63f7ba6804bdddfdbd3cfd954d25a82e63",
                "sha256:e4fac90784481d221a8e4b1162afa7c47ed953be40d31ab4629ae917510051df",
                "sha256:fa5ae20527d8e831e8230cbffd9f8fe952815b2b7dae6ffec25318803a7528fc",
                "sha256:fd7f6999a8070df521b6384004ef42833b9bd62cfee11a09bda1079b4b704247",
                "sha256:fdc842473cd33f45ff6bce46aea678a54e3d21f1b61a7750ce3c498eedfe25d6",
                "sha256:fe69978f3f768926cfa37b867e3843918e012cf83f680806599ddce33c2c68b0"
            ],
            "version": "==5.4.1"
        },
        "requests": {
            "hashes": [
                "sha256:27973dd4a904a4f13b263a19c866c13b92a39ed1c964655f025f3f8d3d75b804",
                "sha256:c210084e36a42ae6b9219e00e48287def368a26d03a048ddad7bfee44f75871e"
            ],
            "index": "pypi",
            "version": "==2.25.1"
        },
        "scikit-learn": {
            "hashes": [
                "sha256:0a127cc70990d4c15b1019680bfedc7fec6c23d14d3719fdf9b64b22d37cdeca",
                "sha256:0d39748e7c9669ba648acf40fb3ce96b8a07b240db6888563a7cb76e05e0d9cc",
                "sha256:1b8a391de95f6285a2f9adffb7db0892718950954b7149a70c783dc848f104ea",
                "sha256:20766f515e6cd6f954554387dfae705d93c7b544ec0e6c6a5d8e006f6f7ef480",
                "sha256:2aa95c2f17d2f80534156215c87bee72b6aa314a7f8b8fe92a2d71f47280570d",
                "sha256:5ce7a8021c9defc2b75620571b350acc4a7d9763c25b7593621ef50f3bd019a2",
                "sha256:6c28a1d00aae7c3c9568f61aafeaad813f0f01c729bee4fd9479e2132b215c1d",
                "sha256:7671bbeddd7f4f9a6968f3b5442dac5f22bf1ba06709ef888cc9132ad354a9ab",
                "sha256:914ac2b45a058d3f1338d7736200f7f3b094857758895f8667be8a81ff443b5b",
                "sha256:98508723f44c61896a4e15894b2016762a55555fbf09365a0bb1870ecbd442de",
                "sha256:a64817b050efd50f9abcfd311870073e500ae11b299683a519fbb52d85e08d25",
                "sha256:cb3e76380312e1f86abd20340ab1d5b3cc46a26f6593d3c33c9ea3e4c7134028",
                "sha256:d0dcaa54263307075cb93d0bee3ceb02821093b1b3d25f66021987d305d01dce",
                "sha256:d9a1ce5f099f29c7c33181cc4386660e0ba891b21a60dc036bf369e3a3ee3aec",
                "sha256:da8e7c302003dd765d92a5616678e591f347460ac7b53e53d667be7dfe6d1b10",
                "sha256:daf276c465c38ef736a79bd79fc80a249f746bcbcae50c40945428f7ece074f8"
            ],
            "index": "pypi",
            "version": "==0.23.2"
        },
        "scikit-optimize": {
            "hashes": [
                "sha256:caf52bf67d005f97eb9855fa70f645d0510eea32c1ab1b171f1569ed2a6d532a",
                "sha256:ed5c47818959c91490120b89240527cf5ef36dc3e350dc79e5dbc22edc4ee186"
            ],
            "index": "pypi",
            "version": "==0.8.1"
        },
        "scipy": {
            "hashes": [
                "sha256:07b083128beae040f1129bd8a82b01804f5e716a7fd2962c1053fa683433e4ab",
                "sha256:0edd67e8a00903aaf7a29c968555a2e27c5a69fea9d1dcfffda80614281a884f",
                "sha256:12fdcbfa56cac926a0a9364a30cbf4ad03c2c7b59f75b14234656a5e4fd52bf3",
                "sha256:1fee28b6641ecbff6e80fe7788e50f50c5576157d278fa40f36c851940eb0aff",
                "sha256:33e6a7439f43f37d4c1135bc95bcd490ffeac6ef4b374892c7005ce2c729cf4a",
                "sha256:5163200ab14fd2b83aba8f0c4ddcc1fa982a43192867264ab0f4c8065fd10d17",
                "sha256:66ec29348444ed6e8a14c9adc2de65e74a8fc526dc2c770741725464488ede1f",
                "sha256:8cc5c39ed287a8b52a5509cd6680af078a40b0e010e2657eca01ffbfec929468",
                "sha256:a1a13858b10d41beb0413c4378462b43eafef88a1948d286cb357eadc0aec024",
                "sha256:a3db1fe7c6cb29ca02b14c9141151ebafd11e06ffb6da8ecd330eee5c8283a8a",
                "sha256:aebb69bcdec209d874fc4b0c7ac36f509d50418a431c1422465fa34c2c0143ea",
                "sha256:b9751b39c52a3fa59312bd2e1f40144ee26b51404db5d2f0d5259c511ff6f614",
                "sha256:bc0e63daf43bf052aefbbd6c5424bc03f629d115ece828e87303a0bcc04a37e4",
                "sha256:d5e3cc60868f396b78fc881d2c76460febccfe90f6d2f082b9952265c79a8788",
                "sha256:ddae76784574cc4c172f3d5edd7308be16078dd3b977e8746860c76c195fa707",
                "sha256:e2602f79c85924e4486f684aa9bbab74afff90606100db88d0785a0088be7edb",
                "sha256:e527c9221b6494bcd06a17f9f16874406b32121385f9ab353b8a9545be458f0b",
                "sha256:f574558f1b774864516f3c3fe072ebc90a29186f49b720f60ed339294b7f32ac",
                "sha256:ffcbd331f1ffa82e22f1d408e93c37463c9a83088243158635baec61983aaacf"
            ],
            "index": "pypi",
            "version": "==1.5.3"
        },
        "seaborn": {
            "hashes": [
                "sha256:44e78eaed937c5a87fc7a892c329a7cc091060b67ebd1d0d306b446a74ba01ad",
                "sha256:4e1cce9489449a1c6ff3c567f2113cdb41122f727e27a984950d004a88ef3c5c"
            ],
            "index": "pypi",
            "version": "==0.11.1"
        },
        "shap": {
            "hashes": [
                "sha256:0196a6c12cc98f8b48ce9c5968550902432b80290da6fa7be8655441a1c6251a",
                "sha256:b44f9fbb7349f5406b98b4ec24c672f8fe932606bb7574a8aae2238410c55289",
                "sha256:bf9af9b089ef95cb1ac0df80a43f8144aa9095d10f282cb5c19643ff88a6a79d",
                "sha256:c0d51b44c15eae1c12e51ed498f898cfc5e12d6be7e0d4f733ce6453f6ec85a4"
            ],
            "version": "==0.39.0"
        },
        "six": {
            "hashes": [
                "sha256:30639c035cdb23534cd4aa2dd52c3bf48f06e5f4a941509c8bafd8ce11080259",
                "sha256:8b74bedcbbbaca38ff6d7491d76f2b06b3592611af620f8426e82dddb04a5ced"
            ],
            "version": "==1.15.0"
        },
        "slicer": {
            "hashes": [
                "sha256:0b94faa5251c0f23782c03f7b7eedda91d80144059645f452c4bc80fab875976",
                "sha256:f5d5f7b45f98d155b9c0ba6554fa9770c6b26d5793a3e77a1030fb56910ebeec"
            ],
            "version": "==0.0.7"
        },
        "threadpoolctl": {
            "hashes": [
                "sha256:38b74ca20ff3bb42caca8b00055111d74159ee95c4370882bbff2b93d24da725",
                "sha256:ddc57c96a38beb63db45d6c159b5ab07b6bced12c45a1f07b2b92f272aebfa6b"
            ],
            "version": "==2.1.0"
        },
        "tqdm": {
            "hashes": [
                "sha256:9fdf349068d047d4cfbe24862c425883af1db29bcddf4b0eeb2524f6fbdb23c7",
                "sha256:d666ae29164da3e517fcf125e41d4fe96e5bb375cd87ff9763f6b38b5592fe33"
            ],
            "index": "pypi",
            "version": "==4.59.0"
        },
        "urllib3": {
            "hashes": [
                "sha256:2f4da4594db7e1e110a944bb1b551fdf4e6c136ad42e4234131391e21eb5b0df",
                "sha256:e7b021f7241115872f92f43c6508082facffbd1c048e3c6e2bb9c2a157e28937"
            ],
            "version": "==1.26.4"
        },
        "wheel": {
            "hashes": [
                "sha256:78b5b185f0e5763c26ca1e324373aadd49182ca90e825f7853f4b2509215dc0e",
                "sha256:e11eefd162658ea59a60a0f6c7d493a7190ea4b9a85e335b33489d9f17e0245e"
            ],
            "version": "==0.36.2"
        }
    },
    "develop": {}
}
